
Microsoft Visual Studio Solution File, Format Version 12.00
# Visual Studio Version 16
VisualStudioVersion = 16.0.30517.126
MinimumVisualStudioVersion = 10.0.40219.1
Project("{FAE04EC0-301F-11D3-BF4B-00C04F79EFBC}") = "lab10", "lab10.csproj", "{8EDEA1D1-1B89-486D-8B80-EED08CC396B5}"
EndProject
Global
	GlobalSection(SolutionConfigurationPlatforms) = preSolution
		Debug|Any CPU = Debug|Any CPU
		Release|Any CPU = Release|Any CPU
	EndGlobalSection
	GlobalSection(ProjectConfigurationPlatforms) = postSolution
		{8EDEA1D1-1B89-486D-8B80-EED08CC396B5}.Debug|Any CPU.ActiveCfg = Debug|Any CPU
		{8EDEA1D1-1B89-486D-8B80-EED08CC396B5}.Debug|Any CPU.Build.0 = Debug|Any CPU
		{8EDEA1D1-1B89-486D-8B80-EED08CC396B5}.Release|Any CPU.ActiveCfg = Release|Any CPU
		{8EDEA1D1-1B89-486D-8B80-EED08CC396B5}.Release|Any CPU.Build.0 = Release|Any CPU
	EndGlobalSection
	GlobalSection(SolutionProperties) = preSolution
		HideSolutionNode = FALSE
	EndGlobalSection
	GlobalSection(ExtensibilityGlobals) = postSolution
		SolutionGuid = {8C745D41-F845-475A-8C92-F848106E3757}
	EndGlobalSection
EndGlobal
