
Microsoft Visual Studio Solution File, Format Version 12.00
# Visual Studio Version 16
VisualStudioVersion = 16.0.30517.126
MinimumVisualStudioVersion = 10.0.40219.1
Project("{FAE04EC0-301F-11D3-BF4B-00C04F79EFBC}") = "eventsAndDelegates", "eventsAndDelegates.csproj", "{2B5D1DF6-E2C8-4604-A152-A4D4B497BE9F}"
EndProject
Global
	GlobalSection(SolutionConfigurationPlatforms) = preSolution
		Debug|Any CPU = Debug|Any CPU
		Release|Any CPU = Release|Any CPU
	EndGlobalSection
	GlobalSection(ProjectConfigurationPlatforms) = postSolution
		{2B5D1DF6-E2C8-4604-A152-A4D4B497BE9F}.Debug|Any CPU.ActiveCfg = Debug|Any CPU
		{2B5D1DF6-E2C8-4604-A152-A4D4B497BE9F}.Debug|Any CPU.Build.0 = Debug|Any CPU
		{2B5D1DF6-E2C8-4604-A152-A4D4B497BE9F}.Release|Any CPU.ActiveCfg = Release|Any CPU
		{2B5D1DF6-E2C8-4604-A152-A4D4B497BE9F}.Release|Any CPU.Build.0 = Release|Any CPU
	EndGlobalSection
	GlobalSection(SolutionProperties) = preSolution
		HideSolutionNode = FALSE
	EndGlobalSection
	GlobalSection(ExtensibilityGlobals) = postSolution
		SolutionGuid = {98EC4AD5-FC0B-4BBD-B317-B07B1FF24C7C}
	EndGlobalSection
EndGlobal
