
Microsoft Visual Studio Solution File, Format Version 12.00
# Visual Studio Version 16
VisualStudioVersion = 16.0.30517.126
MinimumVisualStudioVersion = 10.0.40219.1
Project("{FAE04EC0-301F-11D3-BF4B-00C04F79EFBC}") = "lab11", "lab11.csproj", "{47E0C21C-312B-4DA6-B79A-53379D763FF8}"
EndProject
Global
	GlobalSection(SolutionConfigurationPlatforms) = preSolution
		Debug|Any CPU = Debug|Any CPU
		Release|Any CPU = Release|Any CPU
	EndGlobalSection
	GlobalSection(ProjectConfigurationPlatforms) = postSolution
		{47E0C21C-312B-4DA6-B79A-53379D763FF8}.Debug|Any CPU.ActiveCfg = Debug|Any CPU
		{47E0C21C-312B-4DA6-B79A-53379D763FF8}.Debug|Any CPU.Build.0 = Debug|Any CPU
		{47E0C21C-312B-4DA6-B79A-53379D763FF8}.Release|Any CPU.ActiveCfg = Release|Any CPU
		{47E0C21C-312B-4DA6-B79A-53379D763FF8}.Release|Any CPU.Build.0 = Release|Any CPU
	EndGlobalSection
	GlobalSection(SolutionProperties) = preSolution
		HideSolutionNode = FALSE
	EndGlobalSection
	GlobalSection(ExtensibilityGlobals) = postSolution
		SolutionGuid = {4CF98852-5C93-4338-9EA3-11F39AE2428F}
	EndGlobalSection
EndGlobal
